
Microsoft Visual Studio Solution File, Format Version 12.00
# Visual Studio Version 17
VisualStudioVersion = 17.14.36408.4 d17.14
MinimumVisualStudioVersion = 10.0.40219.1
Project("{FAE04EC0-301F-11D3-BF4B-00C04F79EFBC}") = "11.sql ile birleştirme", "11.sql ile birleştirme\11.sql ile birleştirme.csproj", "{D3993706-2AB1-4BDC-AC2E-AF0B24D3C301}"
EndProject
Global
	GlobalSection(SolutionConfigurationPlatforms) = preSolution
		Debug|Any CPU = Debug|Any CPU
		Release|Any CPU = Release|Any CPU
	EndGlobalSection
	GlobalSection(ProjectConfigurationPlatforms) = postSolution
		{D3993706-2AB1-4BDC-AC2E-AF0B24D3C301}.Debug|Any CPU.ActiveCfg = Debug|Any CPU
		{D3993706-2AB1-4BDC-AC2E-AF0B24D3C301}.Debug|Any CPU.Build.0 = Debug|Any CPU
		{D3993706-2AB1-4BDC-AC2E-AF0B24D3C301}.Release|Any CPU.ActiveCfg = Release|Any CPU
		{D3993706-2AB1-4BDC-AC2E-AF0B24D3C301}.Release|Any CPU.Build.0 = Release|Any CPU
	EndGlobalSection
	GlobalSection(SolutionProperties) = preSolution
		HideSolutionNode = FALSE
	EndGlobalSection
	GlobalSection(ExtensibilityGlobals) = postSolution
		SolutionGuid = {AA5F2EAE-181B-4698-A314-FAC59DCB2406}
	EndGlobalSection
EndGlobal
